
Microsoft Visual Studio Solution File, Format Version 12.00
Project("{FAE04EC0-301F-11D3-BF4B-00C04F79EFBC}") = "ParryTrainerApi", "ParryTrainerApi\ParryTrainerApi.csproj", "{E816E85D-15AD-46DA-AAD1-A1011716E5B3}"
EndProject
Project("{FAE04EC0-301F-11D3-BF4B-00C04F79EFBC}") = "DataAccess", "DataAccess\DataAccess.csproj", "{BD73E3A1-DDC7-4FC5-B267-2FAFD6D1F5F3}"
EndProject
Project("{FAE04EC0-301F-11D3-BF4B-00C04F79EFBC}") = "Core", "Core\Core.csproj", "{62D9580B-8CB1-492D-AE1B-97940184FCFB}"
EndProject
Project("{FAE04EC0-301F-11D3-BF4B-00C04F79EFBC}") = "Application", "Application\Application.csproj", "{E0166278-DC49-434A-8FE5-95569C0432F9}"
EndProject
Project("{FAE04EC0-301F-11D3-BF4B-00C04F79EFBC}") = "Infrastructure", "Infrastructure\Infrastructure.csproj", "{EB34ABA5-F97C-4877-B638-14AE0DA9469B}"
EndProject
Project("{FAE04EC0-301F-11D3-BF4B-00C04F79EFBC}") = "Tests", "Tests\Tests.csproj", "{93F65833-D7E1-41E4-9B65-7A1AD2FB8B4D}"
EndProject
Global
	GlobalSection(SolutionConfigurationPlatforms) = preSolution
		Debug|Any CPU = Debug|Any CPU
		Release|Any CPU = Release|Any CPU
	EndGlobalSection
	GlobalSection(ProjectConfigurationPlatforms) = postSolution
		{E816E85D-15AD-46DA-AAD1-A1011716E5B3}.Debug|Any CPU.ActiveCfg = Debug|Any CPU
		{E816E85D-15AD-46DA-AAD1-A1011716E5B3}.Debug|Any CPU.Build.0 = Debug|Any CPU
		{E816E85D-15AD-46DA-AAD1-A1011716E5B3}.Release|Any CPU.ActiveCfg = Release|Any CPU
		{E816E85D-15AD-46DA-AAD1-A1011716E5B3}.Release|Any CPU.Build.0 = Release|Any CPU
		{BD73E3A1-DDC7-4FC5-B267-2FAFD6D1F5F3}.Debug|Any CPU.ActiveCfg = Debug|Any CPU
		{BD73E3A1-DDC7-4FC5-B267-2FAFD6D1F5F3}.Debug|Any CPU.Build.0 = Debug|Any CPU
		{BD73E3A1-DDC7-4FC5-B267-2FAFD6D1F5F3}.Release|Any CPU.ActiveCfg = Release|Any CPU
		{BD73E3A1-DDC7-4FC5-B267-2FAFD6D1F5F3}.Release|Any CPU.Build.0 = Release|Any CPU
		{62D9580B-8CB1-492D-AE1B-97940184FCFB}.Debug|Any CPU.ActiveCfg = Debug|Any CPU
		{62D9580B-8CB1-492D-AE1B-97940184FCFB}.Debug|Any CPU.Build.0 = Debug|Any CPU
		{62D9580B-8CB1-492D-AE1B-97940184FCFB}.Release|Any CPU.ActiveCfg = Release|Any CPU
		{62D9580B-8CB1-492D-AE1B-97940184FCFB}.Release|Any CPU.Build.0 = Release|Any CPU
		{E0166278-DC49-434A-8FE5-95569C0432F9}.Debug|Any CPU.ActiveCfg = Debug|Any CPU
		{E0166278-DC49-434A-8FE5-95569C0432F9}.Debug|Any CPU.Build.0 = Debug|Any CPU
		{E0166278-DC49-434A-8FE5-95569C0432F9}.Release|Any CPU.ActiveCfg = Release|Any CPU
		{E0166278-DC49-434A-8FE5-95569C0432F9}.Release|Any CPU.Build.0 = Release|Any CPU
		{EB34ABA5-F97C-4877-B638-14AE0DA9469B}.Debug|Any CPU.ActiveCfg = Debug|Any CPU
		{EB34ABA5-F97C-4877-B638-14AE0DA9469B}.Debug|Any CPU.Build.0 = Debug|Any CPU
		{EB34ABA5-F97C-4877-B638-14AE0DA9469B}.Release|Any CPU.ActiveCfg = Release|Any CPU
		{EB34ABA5-F97C-4877-B638-14AE0DA9469B}.Release|Any CPU.Build.0 = Release|Any CPU
		{93F65833-D7E1-41E4-9B65-7A1AD2FB8B4D}.Debug|Any CPU.ActiveCfg = Debug|Any CPU
		{93F65833-D7E1-41E4-9B65-7A1AD2FB8B4D}.Debug|Any CPU.Build.0 = Debug|Any CPU
		{93F65833-D7E1-41E4-9B65-7A1AD2FB8B4D}.Release|Any CPU.ActiveCfg = Release|Any CPU
		{93F65833-D7E1-41E4-9B65-7A1AD2FB8B4D}.Release|Any CPU.Build.0 = Release|Any CPU
	EndGlobalSection
EndGlobal
